{
  "name": "@gaomd/mpvue-animated-number",
  "version": "0.1.0",
  "lockfileVersion": 1,
  "requires": true,
  "dependencies": {
    "@tweenjs/tween.js": {
      "version": "17.2.0",
      "resolved": "https://registry.npmjs.org/@tweenjs/tween.js/-/tween.js-17.2.0.tgz",
      "integrity": "sha1-IfibcJuvxLMDra56g7TzWg2eR5Y="
    }
  }
}
